
Microsoft Visual Studio Solution File, Format Version 12.00
# Visual Studio Version 16
VisualStudioVersion = 16.0.30413.136
MinimumVisualStudioVersion = 10.0.40219.1
Project("{FAE04EC0-301F-11D3-BF4B-00C04F79EFBC}") = "ACL_Web_Proxy", "ACL_Web_Proxy\ACL_Web_Proxy.csproj", "{6B2BFB74-CE22-4DAF-9DAE-C109C5B7DA82}"
EndProject
Global
	GlobalSection(SolutionConfigurationPlatforms) = preSolution
		Debug|Any CPU = Debug|Any CPU
		Release|Any CPU = Release|Any CPU
	EndGlobalSection
	GlobalSection(ProjectConfigurationPlatforms) = postSolution
		{6B2BFB74-CE22-4DAF-9DAE-C109C5B7DA82}.Debug|Any CPU.ActiveCfg = Debug|Any CPU
		{6B2BFB74-CE22-4DAF-9DAE-C109C5B7DA82}.Debug|Any CPU.Build.0 = Debug|Any CPU
		{6B2BFB74-CE22-4DAF-9DAE-C109C5B7DA82}.Release|Any CPU.ActiveCfg = Release|Any CPU
		{6B2BFB74-CE22-4DAF-9DAE-C109C5B7DA82}.Release|Any CPU.Build.0 = Release|Any CPU
	EndGlobalSection
	GlobalSection(SolutionProperties) = preSolution
		HideSolutionNode = FALSE
	EndGlobalSection
	GlobalSection(ExtensibilityGlobals) = postSolution
		SolutionGuid = {171A5CF7-237C-424A-AEBB-9C0A60374156}
		BuildVersion_StartDate = 2000/1/1
		BuildVersion_UseGlobalSettings = True
		BuildVersion_UpdateAssemblyVersion = True
		BuildVersion_UpdateFileVersion = True
		BuildVersion_UseUniversalClock = True
	EndGlobalSection
EndGlobal
